
Microsoft Visual Studio Solution File, Format Version 12.00
# Visual Studio 15
VisualStudioVersion = 15.0.27703.2035
MinimumVisualStudioVersion = 10.0.40219.1
Project("{FAE04EC0-301F-11D3-BF4B-00C04F79EFBC}") = "Firebase", "Firebase\Firebase.csproj", "{2E9D0AE9-A9F9-4F51-886B-6ED18365F3F9}"
EndProject
Global
	GlobalSection(SolutionConfigurationPlatforms) = preSolution
		Debug|Any CPU = Debug|Any CPU
		Release|Any CPU = Release|Any CPU
	EndGlobalSection
	GlobalSection(ProjectConfigurationPlatforms) = postSolution
		{2E9D0AE9-A9F9-4F51-886B-6ED18365F3F9}.Debug|Any CPU.ActiveCfg = Debug|Any CPU
		{2E9D0AE9-A9F9-4F51-886B-6ED18365F3F9}.Debug|Any CPU.Build.0 = Debug|Any CPU
		{2E9D0AE9-A9F9-4F51-886B-6ED18365F3F9}.Release|Any CPU.ActiveCfg = Release|Any CPU
		{2E9D0AE9-A9F9-4F51-886B-6ED18365F3F9}.Release|Any CPU.Build.0 = Release|Any CPU
	EndGlobalSection
	GlobalSection(SolutionProperties) = preSolution
		HideSolutionNode = FALSE
	EndGlobalSection
	GlobalSection(ExtensibilityGlobals) = postSolution
		SolutionGuid = {10FAC5A5-16AD-4238-BF36-842F45CB5936}
	EndGlobalSection
EndGlobal
